
Microsoft Visual Studio Solution File, Format Version 12.00
# Visual Studio Version 17
VisualStudioVersion = 17.5.002.0
MinimumVisualStudioVersion = 10.0.40219.1
Project("{9A19103F-16F7-4668-BE54-9A1E7A4F7556}") = "numbers", "numbers.csproj", "{E90B37D6-6288-46BB-95F3-C1C9CA7B0488}"
EndProject
Global
	GlobalSection(SolutionConfigurationPlatforms) = preSolution
		Debug|Any CPU = Debug|Any CPU
		Release|Any CPU = Release|Any CPU
	EndGlobalSection
	GlobalSection(ProjectConfigurationPlatforms) = postSolution
		{E90B37D6-6288-46BB-95F3-C1C9CA7B0488}.Debug|Any CPU.ActiveCfg = Debug|Any CPU
		{E90B37D6-6288-46BB-95F3-C1C9CA7B0488}.Debug|Any CPU.Build.0 = Debug|Any CPU
		{E90B37D6-6288-46BB-95F3-C1C9CA7B0488}.Release|Any CPU.ActiveCfg = Release|Any CPU
		{E90B37D6-6288-46BB-95F3-C1C9CA7B0488}.Release|Any CPU.Build.0 = Release|Any CPU
	EndGlobalSection
	GlobalSection(SolutionProperties) = preSolution
		HideSolutionNode = FALSE
	EndGlobalSection
	GlobalSection(ExtensibilityGlobals) = postSolution
		SolutionGuid = {A948CDD6-07B7-42EB-8581-6EF9778452C3}
	EndGlobalSection
EndGlobal
